
Microsoft Visual Studio Solution File, Format Version 12.00
# Visual Studio 14
VisualStudioVersion = 14.0.25420.1
MinimumVisualStudioVersion = 10.0.40219.1
Project("{2150E333-8FDC-42A3-9474-1A3956D46DE8}") = "6. Conexion", "6. Conexion", "{7064E602-135C-4F61-8D08-6E86A414F538}"
EndProject
Project("{2150E333-8FDC-42A3-9474-1A3956D46DE8}") = "5. Datos", "5. Datos", "{B94364C0-88A0-4AD9-AB2D-D728F6F5C79B}"
EndProject
Project("{2150E333-8FDC-42A3-9474-1A3956D46DE8}") = "3. Entidades", "3. Entidades", "{257E8EF6-3475-43A1-A2BB-E969E16397B0}"
EndProject
Project("{2150E333-8FDC-42A3-9474-1A3956D46DE8}") = "4. Negocio", "4. Negocio", "{B89D8C14-3622-4EA8-AD91-59939185D212}"
EndProject
Project("{2150E333-8FDC-42A3-9474-1A3956D46DE8}") = "1. Presentacion", "1. Presentacion", "{A8EED80A-38D3-4CAF-9E67-D1D2AE7E0BFA}"
EndProject
Project("{2150E333-8FDC-42A3-9474-1A3956D46DE8}") = "7. Utilitarios", "7. Utilitarios", "{9E949A1E-5A12-431C-A6D8-2AE5F1F51C36}"
EndProject
Project("{FAE04EC0-301F-11D3-BF4B-00C04F79EFBC}") = "VisorDatos.CN", "VisorDatos.CN\VisorDatos.CN.csproj", "{81F325E4-163D-4E43-A72B-20DF0634FBA4}"
EndProject
Project("{FAE04EC0-301F-11D3-BF4B-00C04F79EFBC}") = "VisorDatos.DA", "VisorDatos.DA\VisorDatos.DA.csproj", "{3F635CDA-73EE-4696-9296-9A8EEBB66BEE}"
EndProject
Project("{FAE04EC0-301F-11D3-BF4B-00C04F79EFBC}") = "VisorDatos.BE", "VisorDatos.BE\VisorDatos.BE.csproj", "{6FA943F2-DAF5-41E1-BA45-A145F6E7B5FE}"
EndProject
Project("{FAE04EC0-301F-11D3-BF4B-00C04F79EFBC}") = "VisorDatos.BL", "VisorDatos.BL\VisorDatos.BL.csproj", "{20BB034B-6141-41DA-89A5-AA3A42F039CE}"
EndProject
Project("{FAE04EC0-301F-11D3-BF4B-00C04F79EFBC}") = "VisorDatos.UT", "VisorDatos.UT\VisorDatos.UT.csproj", "{32093BBF-0F27-4221-A885-A04A349DDEBE}"
EndProject
Project("{FAE04EC0-301F-11D3-BF4B-00C04F79EFBC}") = "VisorDatos.MVC", "VisorDatos.MVC\VisorDatos.MVC.csproj", "{7C591D6F-2BF5-4C14-A3EB-9973C41AEDE0}"
EndProject
Project("{2150E333-8FDC-42A3-9474-1A3956D46DE8}") = "2. Servicios", "2. Servicios", "{E16C7157-C14D-4CEB-8001-2F111D163603}"
EndProject
Project("{FAE04EC0-301F-11D3-BF4B-00C04F79EFBC}") = "VisorDatos.WSDatosAgro", "VisorDatos.WSDatosAgro\VisorDatos.WSDatosAgro.csproj", "{28373245-6464-4D29-9E04-9AC69A7DEDDC}"
EndProject
Project("{FAE04EC0-301F-11D3-BF4B-00C04F79EFBC}") = "VisorDatos.MLService", "VisorDatos.MLService\VisorDatos.MLService.csproj", "{76655965-BE37-4A13-8B5F-BA6E4E93B06D}"
EndProject
Global
	GlobalSection(SolutionConfigurationPlatforms) = preSolution
		Debug|Any CPU = Debug|Any CPU
		Release|Any CPU = Release|Any CPU
	EndGlobalSection
	GlobalSection(ProjectConfigurationPlatforms) = postSolution
		{81F325E4-163D-4E43-A72B-20DF0634FBA4}.Debug|Any CPU.ActiveCfg = Debug|Any CPU
		{81F325E4-163D-4E43-A72B-20DF0634FBA4}.Debug|Any CPU.Build.0 = Debug|Any CPU
		{81F325E4-163D-4E43-A72B-20DF0634FBA4}.Release|Any CPU.ActiveCfg = Release|Any CPU
		{81F325E4-163D-4E43-A72B-20DF0634FBA4}.Release|Any CPU.Build.0 = Release|Any CPU
		{3F635CDA-73EE-4696-9296-9A8EEBB66BEE}.Debug|Any CPU.ActiveCfg = Debug|Any CPU
		{3F635CDA-73EE-4696-9296-9A8EEBB66BEE}.Debug|Any CPU.Build.0 = Debug|Any CPU
		{3F635CDA-73EE-4696-9296-9A8EEBB66BEE}.Release|Any CPU.ActiveCfg = Release|Any CPU
		{3F635CDA-73EE-4696-9296-9A8EEBB66BEE}.Release|Any CPU.Build.0 = Release|Any CPU
		{6FA943F2-DAF5-41E1-BA45-A145F6E7B5FE}.Debug|Any CPU.ActiveCfg = Debug|Any CPU
		{6FA943F2-DAF5-41E1-BA45-A145F6E7B5FE}.Debug|Any CPU.Build.0 = Debug|Any CPU
		{6FA943F2-DAF5-41E1-BA45-A145F6E7B5FE}.Release|Any CPU.ActiveCfg = Release|Any CPU
		{6FA943F2-DAF5-41E1-BA45-A145F6E7B5FE}.Release|Any CPU.Build.0 = Release|Any CPU
		{20BB034B-6141-41DA-89A5-AA3A42F039CE}.Debug|Any CPU.ActiveCfg = Debug|Any CPU
		{20BB034B-6141-41DA-89A5-AA3A42F039CE}.Debug|Any CPU.Build.0 = Debug|Any CPU
		{20BB034B-6141-41DA-89A5-AA3A42F039CE}.Release|Any CPU.ActiveCfg = Release|Any CPU
		{20BB034B-6141-41DA-89A5-AA3A42F039CE}.Release|Any CPU.Build.0 = Release|Any CPU
		{32093BBF-0F27-4221-A885-A04A349DDEBE}.Debug|Any CPU.ActiveCfg = Debug|Any CPU
		{32093BBF-0F27-4221-A885-A04A349DDEBE}.Debug|Any CPU.Build.0 = Debug|Any CPU
		{32093BBF-0F27-4221-A885-A04A349DDEBE}.Release|Any CPU.ActiveCfg = Release|Any CPU
		{32093BBF-0F27-4221-A885-A04A349DDEBE}.Release|Any CPU.Build.0 = Release|Any CPU
		{7C591D6F-2BF5-4C14-A3EB-9973C41AEDE0}.Debug|Any CPU.ActiveCfg = Debug|Any CPU
		{7C591D6F-2BF5-4C14-A3EB-9973C41AEDE0}.Debug|Any CPU.Build.0 = Debug|Any CPU
		{7C591D6F-2BF5-4C14-A3EB-9973C41AEDE0}.Release|Any CPU.ActiveCfg = Release|Any CPU
		{7C591D6F-2BF5-4C14-A3EB-9973C41AEDE0}.Release|Any CPU.Build.0 = Release|Any CPU
		{28373245-6464-4D29-9E04-9AC69A7DEDDC}.Debug|Any CPU.ActiveCfg = Debug|Any CPU
		{28373245-6464-4D29-9E04-9AC69A7DEDDC}.Debug|Any CPU.Build.0 = Debug|Any CPU
		{28373245-6464-4D29-9E04-9AC69A7DEDDC}.Release|Any CPU.ActiveCfg = Release|Any CPU
		{28373245-6464-4D29-9E04-9AC69A7DEDDC}.Release|Any CPU.Build.0 = Release|Any CPU
		{76655965-BE37-4A13-8B5F-BA6E4E93B06D}.Debug|Any CPU.ActiveCfg = Debug|Any CPU
		{76655965-BE37-4A13-8B5F-BA6E4E93B06D}.Debug|Any CPU.Build.0 = Debug|Any CPU
		{76655965-BE37-4A13-8B5F-BA6E4E93B06D}.Release|Any CPU.ActiveCfg = Release|Any CPU
		{76655965-BE37-4A13-8B5F-BA6E4E93B06D}.Release|Any CPU.Build.0 = Release|Any CPU
	EndGlobalSection
	GlobalSection(SolutionProperties) = preSolution
		HideSolutionNode = FALSE
	EndGlobalSection
	GlobalSection(NestedProjects) = preSolution
		{81F325E4-163D-4E43-A72B-20DF0634FBA4} = {7064E602-135C-4F61-8D08-6E86A414F538}
		{3F635CDA-73EE-4696-9296-9A8EEBB66BEE} = {B94364C0-88A0-4AD9-AB2D-D728F6F5C79B}
		{6FA943F2-DAF5-41E1-BA45-A145F6E7B5FE} = {257E8EF6-3475-43A1-A2BB-E969E16397B0}
		{20BB034B-6141-41DA-89A5-AA3A42F039CE} = {B89D8C14-3622-4EA8-AD91-59939185D212}
		{32093BBF-0F27-4221-A885-A04A349DDEBE} = {9E949A1E-5A12-431C-A6D8-2AE5F1F51C36}
		{7C591D6F-2BF5-4C14-A3EB-9973C41AEDE0} = {A8EED80A-38D3-4CAF-9E67-D1D2AE7E0BFA}
		{28373245-6464-4D29-9E04-9AC69A7DEDDC} = {E16C7157-C14D-4CEB-8001-2F111D163603}
		{76655965-BE37-4A13-8B5F-BA6E4E93B06D} = {E16C7157-C14D-4CEB-8001-2F111D163603}
	EndGlobalSection
EndGlobal
